
Microsoft Visual Studio Solution File, Format Version 12.00
# Visual Studio Version 16
VisualStudioVersion = 16.0.30011.22
MinimumVisualStudioVersion = 10.0.40219.1
Project("{2150E333-8FDC-42A3-9474-1A3956D46DE8}") = "src", "src", "{C72E3B06-9624-48B3-BC13-98CA5AF53650}"
EndProject
Project("{2150E333-8FDC-42A3-9474-1A3956D46DE8}") = "Services", "Services", "{BBA827D0-10C9-46D4-B1C8-95AEC136BA51}"
EndProject
Project("{2150E333-8FDC-42A3-9474-1A3956D46DE8}") = "PlaceSearch", "PlaceSearch", "{F51758C5-9198-46C2-898C-4E47425E8F1F}"
EndProject
Project("{9A19103F-16F7-4668-BE54-9A1E7A4F7556}") = "PlaceSearchService", "src\Services\PlaceSearch\PlaceSearchService\PlaceSearchService.csproj", "{8C815E4C-7BF5-4E5C-8D71-1A813098F1DA}"
EndProject
Project("{9A19103F-16F7-4668-BE54-9A1E7A4F7556}") = "PlaceSearchService.Infrastructure", "src\Services\PlaceSearch\PlaceSearchService.Infrastructure\PlaceSearchService.Infrastructure.csproj", "{C9E8213A-1D2D-44AE-AFE3-7314F84D1C76}"
EndProject
Project("{9A19103F-16F7-4668-BE54-9A1E7A4F7556}") = "PlaceSearchService.ApplicationCore", "src\Services\PlaceSearch\PlaceSearchService.ApplicationCore\PlaceSearchService.ApplicationCore.csproj", "{136E1524-9EE8-452E-B77A-9BCF905F42F0}"
EndProject
Project("{9A19103F-16F7-4668-BE54-9A1E7A4F7556}") = "PlaceSearchService.Api", "src\Services\PlaceSearch\PlaceSearchService.Api\PlaceSearchService.Api.csproj", "{CDCD95D0-3899-4EF8-95E0-7E9590EB2E0D}"
EndProject
Project("{2150E333-8FDC-42A3-9474-1A3956D46DE8}") = "Tests", "Tests", "{7792AC8F-B987-4BA1-9761-B2F5EDB91D36}"
EndProject
Project("{9A19103F-16F7-4668-BE54-9A1E7A4F7556}") = "PlaceSearchService.IntegrationTests", "src\Services\PlaceSearch\Tests\PlaceSearchService.IntegrationTests\PlaceSearchService.IntegrationTests.csproj", "{3571192E-9732-4CAC-B2A4-362FACE7860C}"
EndProject
Project("{9A19103F-16F7-4668-BE54-9A1E7A4F7556}") = "PlaceSearchService.UnitTests", "src\Services\PlaceSearch\Tests\PlaceSearchService.UnitTests\PlaceSearchService.UnitTests.csproj", "{F0C9B155-38D8-442D-92B1-318123F7FEE8}"
EndProject
Project("{9A19103F-16F7-4668-BE54-9A1E7A4F7556}") = "PlaceSearchService.Domain", "src\Services\PlaceSearch\PlaceSearchService.Domain\PlaceSearchService.Domain.csproj", "{38C44D30-ADF1-4FFC-921D-9441EB3E5A95}"
EndProject
Project("{2150E333-8FDC-42A3-9474-1A3956D46DE8}") = "scripts", "scripts", "{391AA8FB-BD37-43FA-BEB7-837BB4D109AA}"
	ProjectSection(SolutionItems) = preProject
		scripts\infra-run.sh = scripts\infra-run.sh
		scripts\infra-stop.sh = scripts\infra-stop.sh
		scripts\infra.yml = scripts\infra.yml
	EndProjectSection
EndProject
Project("{2150E333-8FDC-42A3-9474-1A3956D46DE8}") = "docker", "docker", "{8DB30E60-76FC-4517-B427-BE1B1988C7FB}"
EndProject
Project("{2150E333-8FDC-42A3-9474-1A3956D46DE8}") = "elk", "elk", "{0484CC42-2046-4F52-97E9-957AE69C7B35}"
EndProject
Project("{2150E333-8FDC-42A3-9474-1A3956D46DE8}") = "elasticsearch", "elasticsearch", "{C95F3784-F290-4DE0-85F8-0C45CB699937}"
	ProjectSection(SolutionItems) = preProject
		docker\elk\elasticsearch\Dockerfile = docker\elk\elasticsearch\Dockerfile
	EndProjectSection
EndProject
Project("{2150E333-8FDC-42A3-9474-1A3956D46DE8}") = "kibana", "kibana", "{506B4EEE-1038-4137-A7B7-C75FF32F7D34}"
	ProjectSection(SolutionItems) = preProject
		docker\elk\kibana\Dockerfile = docker\elk\kibana\Dockerfile
	EndProjectSection
EndProject
Project("{2150E333-8FDC-42A3-9474-1A3956D46DE8}") = "config", "config", "{D8811C9C-4027-4CEA-B0EF-E5819D9F6A83}"
	ProjectSection(SolutionItems) = preProject
		docker\elk\elasticsearch\config\elasticsearch.yml = docker\elk\elasticsearch\config\elasticsearch.yml
	EndProjectSection
EndProject
Project("{2150E333-8FDC-42A3-9474-1A3956D46DE8}") = "config", "config", "{455263EB-AE4D-4183-B327-ADD1ABE6A97D}"
	ProjectSection(SolutionItems) = preProject
		docker\elk\kibana\config\kibana.yml = docker\elk\kibana\config\kibana.yml
	EndProjectSection
EndProject
Global
	GlobalSection(SolutionConfigurationPlatforms) = preSolution
		Debug|Any CPU = Debug|Any CPU
		Release|Any CPU = Release|Any CPU
	EndGlobalSection
	GlobalSection(ProjectConfigurationPlatforms) = postSolution
		{8C815E4C-7BF5-4E5C-8D71-1A813098F1DA}.Debug|Any CPU.ActiveCfg = Debug|Any CPU
		{8C815E4C-7BF5-4E5C-8D71-1A813098F1DA}.Debug|Any CPU.Build.0 = Debug|Any CPU
		{8C815E4C-7BF5-4E5C-8D71-1A813098F1DA}.Release|Any CPU.ActiveCfg = Release|Any CPU
		{8C815E4C-7BF5-4E5C-8D71-1A813098F1DA}.Release|Any CPU.Build.0 = Release|Any CPU
		{C9E8213A-1D2D-44AE-AFE3-7314F84D1C76}.Debug|Any CPU.ActiveCfg = Debug|Any CPU
		{C9E8213A-1D2D-44AE-AFE3-7314F84D1C76}.Debug|Any CPU.Build.0 = Debug|Any CPU
		{C9E8213A-1D2D-44AE-AFE3-7314F84D1C76}.Release|Any CPU.ActiveCfg = Release|Any CPU
		{C9E8213A-1D2D-44AE-AFE3-7314F84D1C76}.Release|Any CPU.Build.0 = Release|Any CPU
		{136E1524-9EE8-452E-B77A-9BCF905F42F0}.Debug|Any CPU.ActiveCfg = Debug|Any CPU
		{136E1524-9EE8-452E-B77A-9BCF905F42F0}.Debug|Any CPU.Build.0 = Debug|Any CPU
		{136E1524-9EE8-452E-B77A-9BCF905F42F0}.Release|Any CPU.ActiveCfg = Release|Any CPU
		{136E1524-9EE8-452E-B77A-9BCF905F42F0}.Release|Any CPU.Build.0 = Release|Any CPU
		{CDCD95D0-3899-4EF8-95E0-7E9590EB2E0D}.Debug|Any CPU.ActiveCfg = Debug|Any CPU
		{CDCD95D0-3899-4EF8-95E0-7E9590EB2E0D}.Debug|Any CPU.Build.0 = Debug|Any CPU
		{CDCD95D0-3899-4EF8-95E0-7E9590EB2E0D}.Release|Any CPU.ActiveCfg = Release|Any CPU
		{CDCD95D0-3899-4EF8-95E0-7E9590EB2E0D}.Release|Any CPU.Build.0 = Release|Any CPU
		{3571192E-9732-4CAC-B2A4-362FACE7860C}.Debug|Any CPU.ActiveCfg = Debug|Any CPU
		{3571192E-9732-4CAC-B2A4-362FACE7860C}.Debug|Any CPU.Build.0 = Debug|Any CPU
		{3571192E-9732-4CAC-B2A4-362FACE7860C}.Release|Any CPU.ActiveCfg = Release|Any CPU
		{3571192E-9732-4CAC-B2A4-362FACE7860C}.Release|Any CPU.Build.0 = Release|Any CPU
		{F0C9B155-38D8-442D-92B1-318123F7FEE8}.Debug|Any CPU.ActiveCfg = Debug|Any CPU
		{F0C9B155-38D8-442D-92B1-318123F7FEE8}.Debug|Any CPU.Build.0 = Debug|Any CPU
		{F0C9B155-38D8-442D-92B1-318123F7FEE8}.Release|Any CPU.ActiveCfg = Release|Any CPU
		{F0C9B155-38D8-442D-92B1-318123F7FEE8}.Release|Any CPU.Build.0 = Release|Any CPU
		{38C44D30-ADF1-4FFC-921D-9441EB3E5A95}.Debug|Any CPU.ActiveCfg = Debug|Any CPU
		{38C44D30-ADF1-4FFC-921D-9441EB3E5A95}.Debug|Any CPU.Build.0 = Debug|Any CPU
		{38C44D30-ADF1-4FFC-921D-9441EB3E5A95}.Release|Any CPU.ActiveCfg = Release|Any CPU
		{38C44D30-ADF1-4FFC-921D-9441EB3E5A95}.Release|Any CPU.Build.0 = Release|Any CPU
	EndGlobalSection
	GlobalSection(SolutionProperties) = preSolution
		HideSolutionNode = FALSE
	EndGlobalSection
	GlobalSection(NestedProjects) = preSolution
		{BBA827D0-10C9-46D4-B1C8-95AEC136BA51} = {C72E3B06-9624-48B3-BC13-98CA5AF53650}
		{F51758C5-9198-46C2-898C-4E47425E8F1F} = {BBA827D0-10C9-46D4-B1C8-95AEC136BA51}
		{8C815E4C-7BF5-4E5C-8D71-1A813098F1DA} = {F51758C5-9198-46C2-898C-4E47425E8F1F}
		{C9E8213A-1D2D-44AE-AFE3-7314F84D1C76} = {F51758C5-9198-46C2-898C-4E47425E8F1F}
		{136E1524-9EE8-452E-B77A-9BCF905F42F0} = {F51758C5-9198-46C2-898C-4E47425E8F1F}
		{CDCD95D0-3899-4EF8-95E0-7E9590EB2E0D} = {F51758C5-9198-46C2-898C-4E47425E8F1F}
		{7792AC8F-B987-4BA1-9761-B2F5EDB91D36} = {F51758C5-9198-46C2-898C-4E47425E8F1F}
		{3571192E-9732-4CAC-B2A4-362FACE7860C} = {7792AC8F-B987-4BA1-9761-B2F5EDB91D36}
		{F0C9B155-38D8-442D-92B1-318123F7FEE8} = {7792AC8F-B987-4BA1-9761-B2F5EDB91D36}
		{38C44D30-ADF1-4FFC-921D-9441EB3E5A95} = {F51758C5-9198-46C2-898C-4E47425E8F1F}
		{0484CC42-2046-4F52-97E9-957AE69C7B35} = {8DB30E60-76FC-4517-B427-BE1B1988C7FB}
		{C95F3784-F290-4DE0-85F8-0C45CB699937} = {0484CC42-2046-4F52-97E9-957AE69C7B35}
		{506B4EEE-1038-4137-A7B7-C75FF32F7D34} = {0484CC42-2046-4F52-97E9-957AE69C7B35}
		{D8811C9C-4027-4CEA-B0EF-E5819D9F6A83} = {C95F3784-F290-4DE0-85F8-0C45CB699937}
		{455263EB-AE4D-4183-B327-ADD1ABE6A97D} = {506B4EEE-1038-4137-A7B7-C75FF32F7D34}
	EndGlobalSection
	GlobalSection(ExtensibilityGlobals) = postSolution
		SolutionGuid = {33B77834-83AA-4A06-9D30-F55B457C5184}
	EndGlobalSection
EndGlobal
