
Microsoft Visual Studio Solution File, Format Version 12.00
# Visual Studio Version 16
VisualStudioVersion = 16.0.30011.22
MinimumVisualStudioVersion = 10.0.40219.1
Project("{2150E333-8FDC-42A3-9474-1A3956D46DE8}") = "src", "src", "{C72E3B06-9624-48B3-BC13-98CA5AF53650}"
EndProject
Project("{2150E333-8FDC-42A3-9474-1A3956D46DE8}") = "Services", "Services", "{BBA827D0-10C9-46D4-B1C8-95AEC136BA51}"
EndProject
Project("{2150E333-8FDC-42A3-9474-1A3956D46DE8}") = "PlaceSearch", "PlaceSearch", "{F51758C5-9198-46C2-898C-4E47425E8F1F}"
EndProject
Project("{9A19103F-16F7-4668-BE54-9A1E7A4F7556}") = "PlaceSearchService", "src\Services\PlaceSearch\PlaceSearchService\PlaceSearchService.csproj", "{8C815E4C-7BF5-4E5C-8D71-1A813098F1DA}"
EndProject
Project("{FAE04EC0-301F-11D3-BF4B-00C04F79EFBC}") = "PlaceSearchService.Infrastructure", "src\Services\PlaceSearch\PlaceSearchService.Infrastructure\PlaceSearchService.Infrastructure.csproj", "{C9E8213A-1D2D-44AE-AFE3-7314F84D1C76}"
EndProject
Project("{FAE04EC0-301F-11D3-BF4B-00C04F79EFBC}") = "PlaceSearchService.ApplicationCore", "src\Services\PlaceSearch\PlaceSearchService.ApplicationCore\PlaceSearchService.ApplicationCore.csproj", "{136E1524-9EE8-452E-B77A-9BCF905F42F0}"
EndProject
Project("{FAE04EC0-301F-11D3-BF4B-00C04F79EFBC}") = "PlaceSearchService.Api", "src\Services\PlaceSearch\PlaceSearchService.Api\PlaceSearchService.Api.csproj", "{CDCD95D0-3899-4EF8-95E0-7E9590EB2E0D}"
EndProject
Project("{2150E333-8FDC-42A3-9474-1A3956D46DE8}") = "Tests", "Tests", "{7792AC8F-B987-4BA1-9761-B2F5EDB91D36}"
EndProject
Project("{FAE04EC0-301F-11D3-BF4B-00C04F79EFBC}") = "PlaceSearchService.IntegrationTests", "src\Services\PlaceSearch\Tests\PlaceSearchService.IntegrationTests\PlaceSearchService.IntegrationTests.csproj", "{3571192E-9732-4CAC-B2A4-362FACE7860C}"
EndProject
Global
	GlobalSection(SolutionConfigurationPlatforms) = preSolution
		Debug|Any CPU = Debug|Any CPU
		Release|Any CPU = Release|Any CPU
	EndGlobalSection
	GlobalSection(ProjectConfigurationPlatforms) = postSolution
		{8C815E4C-7BF5-4E5C-8D71-1A813098F1DA}.Debug|Any CPU.ActiveCfg = Debug|Any CPU
		{8C815E4C-7BF5-4E5C-8D71-1A813098F1DA}.Debug|Any CPU.Build.0 = Debug|Any CPU
		{8C815E4C-7BF5-4E5C-8D71-1A813098F1DA}.Release|Any CPU.ActiveCfg = Release|Any CPU
		{8C815E4C-7BF5-4E5C-8D71-1A813098F1DA}.Release|Any CPU.Build.0 = Release|Any CPU
		{C9E8213A-1D2D-44AE-AFE3-7314F84D1C76}.Debug|Any CPU.ActiveCfg = Debug|Any CPU
		{C9E8213A-1D2D-44AE-AFE3-7314F84D1C76}.Debug|Any CPU.Build.0 = Debug|Any CPU
		{C9E8213A-1D2D-44AE-AFE3-7314F84D1C76}.Release|Any CPU.ActiveCfg = Release|Any CPU
		{C9E8213A-1D2D-44AE-AFE3-7314F84D1C76}.Release|Any CPU.Build.0 = Release|Any CPU
		{136E1524-9EE8-452E-B77A-9BCF905F42F0}.Debug|Any CPU.ActiveCfg = Debug|Any CPU
		{136E1524-9EE8-452E-B77A-9BCF905F42F0}.Debug|Any CPU.Build.0 = Debug|Any CPU
		{136E1524-9EE8-452E-B77A-9BCF905F42F0}.Release|Any CPU.ActiveCfg = Release|Any CPU
		{136E1524-9EE8-452E-B77A-9BCF905F42F0}.Release|Any CPU.Build.0 = Release|Any CPU
		{CDCD95D0-3899-4EF8-95E0-7E9590EB2E0D}.Debug|Any CPU.ActiveCfg = Debug|Any CPU
		{CDCD95D0-3899-4EF8-95E0-7E9590EB2E0D}.Debug|Any CPU.Build.0 = Debug|Any CPU
		{CDCD95D0-3899-4EF8-95E0-7E9590EB2E0D}.Release|Any CPU.ActiveCfg = Release|Any CPU
		{CDCD95D0-3899-4EF8-95E0-7E9590EB2E0D}.Release|Any CPU.Build.0 = Release|Any CPU
		{3571192E-9732-4CAC-B2A4-362FACE7860C}.Debug|Any CPU.ActiveCfg = Debug|Any CPU
		{3571192E-9732-4CAC-B2A4-362FACE7860C}.Debug|Any CPU.Build.0 = Debug|Any CPU
		{3571192E-9732-4CAC-B2A4-362FACE7860C}.Release|Any CPU.ActiveCfg = Release|Any CPU
		{3571192E-9732-4CAC-B2A4-362FACE7860C}.Release|Any CPU.Build.0 = Release|Any CPU
	EndGlobalSection
	GlobalSection(SolutionProperties) = preSolution
		HideSolutionNode = FALSE
	EndGlobalSection
	GlobalSection(NestedProjects) = preSolution
		{BBA827D0-10C9-46D4-B1C8-95AEC136BA51} = {C72E3B06-9624-48B3-BC13-98CA5AF53650}
		{F51758C5-9198-46C2-898C-4E47425E8F1F} = {BBA827D0-10C9-46D4-B1C8-95AEC136BA51}
		{8C815E4C-7BF5-4E5C-8D71-1A813098F1DA} = {F51758C5-9198-46C2-898C-4E47425E8F1F}
		{C9E8213A-1D2D-44AE-AFE3-7314F84D1C76} = {F51758C5-9198-46C2-898C-4E47425E8F1F}
		{136E1524-9EE8-452E-B77A-9BCF905F42F0} = {F51758C5-9198-46C2-898C-4E47425E8F1F}
		{CDCD95D0-3899-4EF8-95E0-7E9590EB2E0D} = {F51758C5-9198-46C2-898C-4E47425E8F1F}
		{7792AC8F-B987-4BA1-9761-B2F5EDB91D36} = {F51758C5-9198-46C2-898C-4E47425E8F1F}
		{3571192E-9732-4CAC-B2A4-362FACE7860C} = {7792AC8F-B987-4BA1-9761-B2F5EDB91D36}
	EndGlobalSection
	GlobalSection(ExtensibilityGlobals) = postSolution
		SolutionGuid = {33B77834-83AA-4A06-9D30-F55B457C5184}
	EndGlobalSection
EndGlobal
